
Microsoft Visual Studio Solution File, Format Version 12.00
# Visual Studio Version 16
VisualStudioVersion = 16.0.31229.75
MinimumVisualStudioVersion = 10.0.40219.1
Project("{9A19103F-16F7-4668-BE54-9A1E7A4F7556}") = "AspNetCoreCosmos", "AspNetCoreCosmos\AspNetCoreCosmos.csproj", "{FAE5A2DF-F05C-4222-A47D-E49EF2879E84}"
EndProject
Project("{2150E333-8FDC-42A3-9474-1A3956D46DE8}") = "Solution Items", "Solution Items", "{200E9DAA-F5C5-4A52-A21F-360727A8A411}"
	ProjectSection(SolutionItems) = preProject
		README.md = README.md
	EndProjectSection
EndProject
Global
	GlobalSection(SolutionConfigurationPlatforms) = preSolution
		Debug|Any CPU = Debug|Any CPU
		Release|Any CPU = Release|Any CPU
	EndGlobalSection
	GlobalSection(ProjectConfigurationPlatforms) = postSolution
		{FAE5A2DF-F05C-4222-A47D-E49EF2879E84}.Debug|Any CPU.ActiveCfg = Debug|Any CPU
		{FAE5A2DF-F05C-4222-A47D-E49EF2879E84}.Debug|Any CPU.Build.0 = Debug|Any CPU
		{FAE5A2DF-F05C-4222-A47D-E49EF2879E84}.Release|Any CPU.ActiveCfg = Release|Any CPU
		{FAE5A2DF-F05C-4222-A47D-E49EF2879E84}.Release|Any CPU.Build.0 = Release|Any CPU
	EndGlobalSection
	GlobalSection(SolutionProperties) = preSolution
		HideSolutionNode = FALSE
	EndGlobalSection
	GlobalSection(ExtensibilityGlobals) = postSolution
		SolutionGuid = {9B2FED2B-4219-4CB0-B11B-B721D3D86711}
	EndGlobalSection
EndGlobal
